
Microsoft Visual Studio Solution File, Format Version 10.00
# Visual Studio 2008
Project("{8BC9CEB8-8B4A-11D0-8D11-00A0C91BC942}") = "glass", "glass.vcproj", "{59BE4E9A-ACEA-4DE3-992E-22E33712F6D5}"
EndProject
Global
	GlobalSection(SolutionConfigurationPlatforms) = preSolution
		Debug|Win32 = Debug|Win32
		Release|Win32 = Release|Win32
	EndGlobalSection
	GlobalSection(ProjectConfigurationPlatforms) = postSolution
		{59BE4E9A-ACEA-4DE3-992E-22E33712F6D5}.Debug|Win32.ActiveCfg = Debug|Win32
		{59BE4E9A-ACEA-4DE3-992E-22E33712F6D5}.Debug|Win32.Build.0 = Debug|Win32
		{59BE4E9A-ACEA-4DE3-992E-22E33712F6D5}.Release|Win32.ActiveCfg = Release|Win32
		{59BE4E9A-ACEA-4DE3-992E-22E33712F6D5}.Release|Win32.Build.0 = Release|Win32
	EndGlobalSection
	GlobalSection(SolutionProperties) = preSolution
		HideSolutionNode = FALSE
	EndGlobalSection
EndGlobal
